#MicroXplorer Configuration settings - do not modify
Mcu.Family=STM32F7
ProjectManager.MainLocation=Core/Src
NVIC.CAN1_RX1_IRQn=true\:0\:0\:false\:false\:true\:true\:true
RCC.USART1Freq_Value=48000000
ADC1.Rank-14\#ChannelRegularConversion=2
RCC.SAI1Freq_Value=192000000
RCC.CortexFreq_Value=96000000
NVIC.CAN2_RX0_IRQn=true\:0\:0\:false\:false\:true\:true\:true
ProjectManager.KeepUserCode=true
PE11.GPIOParameters=GPIO_Label
Mcu.UserName=STM32F765VITx
PB10.Mode=Asynchronous
ADC1.ContinuousConvMode=ENABLE
PE11.GPIO_Label=DASH_POWER
CAN2.CalculateTimeBit=2000.00
SH.ADCx_IN2.0=ADC3_IN2,IN2
RCC.PLLCLKFreq_Value=96000000
RCC.PLLQCLKFreq_Value=48000000
ProjectManager.functionlistsort=1-MX_GPIO_Init-GPIO-false-HAL-true,2-MX_DMA_Init-DMA-false-HAL-true,3-SystemClock_Config-RCC-false-HAL-false,4-MX_CAN1_Init-CAN1-false-HAL-true,5-MX_USART3_UART_Init-USART3-false-HAL-true,6-MX_CAN2_Init-CAN2-false-HAL-true,7-MX_CAN3_Init-CAN3-false-HAL-true,8-MX_ADC1_Init-ADC1-false-HAL-true,9-MX_TIM2_Init-TIM2-false-HAL-true,10-MX_ADC3_Init-ADC3-false-HAL-true,0-MX_CORTEX_M7_Init-CORTEX_M7-false-HAL-true
PC3.Locked=true
PA11.Mode=CAN_Activate
PA3.GPIOParameters=GPIO_Label
PC14/OSC32_IN.Mode=LSE-External-Clock-Source
PA6.GPIO_Label=PEDAL_ACCEL_2
RCC.PLLI2SRCLKFreq_Value=192000000
RCC.USART2Freq_Value=48000000
PB11.Signal=USART3_RX
PB13.Signal=USB_OTG_HS_VBUS
PA2.GPIOParameters=GPIO_Label
ADC1.Channel-14\#ChannelRegularConversion=ADC_CHANNEL_14
PinOutPanel.RotationAngle=0
ADC3.Rank-2\#ChannelRegularConversion=2
RCC.SYSCLKSource=RCC_SYSCLKSOURCE_PLLCLK
ProjectManager.StackSize=0x400
USART3.VirtualMode-Asynchronous=VM_ASYNC
RCC.I2C3Freq_Value=48000000
RCC.LPTIM1Freq_Value=48000000
Mcu.IP4=CAN3
Mcu.IP5=CORTEX_M7
RCC.FCLKCortexFreq_Value=96000000
Mcu.IP2=CAN1
NVIC.SVCall_IRQn=true\:0\:0\:false\:false\:true\:false\:false
Mcu.IP3=CAN2
Dma.ADC3.1.PeriphDataAlignment=DMA_PDATAALIGN_HALFWORD
Mcu.IP0=ADC1
Mcu.IP1=ADC3
PA12.Signal=CAN1_TX
Mcu.UserConstants=
RCC.SDMMCFreq_Value=48000000
Mcu.ThirdPartyNb=0
PH0/OSC_IN.Mode=HSE-External-Clock-Source
RCC.HCLKFreq_Value=96000000
RCC.I2C4Freq_Value=48000000
SH.ADCx_IN3.0=ADC2_IN3
Mcu.IPNb=12
RCC.PLLI2SRoutputFreq_Value=192000000
TIM2.IPParameters=Prescaler,Period
ProjectManager.PreviousToolchain=
RCC.APB2TimFreq_Value=96000000
PB6.Signal=CAN2_TX
Dma.ADC1.0.Direction=DMA_PERIPH_TO_MEMORY
RCC.SPDIFRXFreq_Value=192000000
PH1/OSC_OUT.Signal=RCC_OSC_OUT
SH.ADCx_IN3.ConfNb=1
PB6.Mode=CAN_Activate
PC3.Signal=GPIO_Output
Mcu.Pin6=PA2
ADC3.ScanConvMode=ADC_SCAN_ENABLE
RCC.SAI2Freq_Value=192000000
Mcu.Pin7=PA3
VP_TIM2_VS_ClockSourceINT.Signal=TIM2_VS_ClockSourceINT
NVIC.DMA2_Stream0_IRQn=true\:0\:0\:false\:false\:true\:false\:true
Mcu.Pin8=PA4
Mcu.Pin9=PA5
RCC.VCOSAIOutputFreq_Value=384000000
Dma.ADC1.0.MemDataAlignment=DMA_MDATAALIGN_HALFWORD
RCC.AHBFreq_Value=96000000
PB13.Locked=true
Mcu.Pin0=PC14/OSC32_IN
Mcu.Pin1=PC15/OSC32_OUT
GPIO.groupedBy=Group By Peripherals
Mcu.Pin2=PH0/OSC_IN
CAN3.BS2=CAN_BS2_2TQ
Mcu.Pin3=PH1/OSC_OUT
RCC.USART3Freq_Value=48000000
Mcu.Pin4=PC3
Mcu.Pin5=PA1
ADC3.SamplingTime-1\#ChannelRegularConversion=ADC_SAMPLETIME_480CYCLES
CAN3.BS1=CAN_BS1_13TQ
RCC.PLLSAIRCLKFreq_Value=192000000
ProjectManager.ProjectBuild=false
RCC.HSE_VALUE=8000000
NVIC.UsageFault_IRQn=true\:0\:0\:false\:false\:true\:false\:false
NVIC.DebugMonitor_IRQn=true\:0\:0\:false\:false\:true\:false\:false
ADC1.ScanConvMode=ADC_SCAN_ENABLE
PA4.Locked=true
ADC3.SamplingTime-2\#ChannelRegularConversion=ADC_SAMPLETIME_480CYCLES
SH.ADCx_IN14.ConfNb=1
Mcu.IP10=TIM2
PA15.Mode=CAN_Activate
NVIC.SysTick_IRQn=true\:0\:0\:false\:false\:true\:false\:true
Mcu.IP11=USART3
ProjectManager.FirmwarePackage=STM32Cube FW_F7 V1.16.1
MxDb.Version=DB.6.0.21
PE15.Locked=true
CAN3.Prescaler=6
ProjectManager.BackupPrevious=false
RCC.VCOInputFreq_Value=2000000
PC4.GPIO_Label=PEDAL_ACCEL_3
PE8.Locked=true
CAN2.Prescaler=6
SH.ADCx_IN1.ConfNb=1
Dma.ADC1.0.PeriphInc=DMA_PINC_DISABLE
ADC3.ContinuousConvMode=ENABLE
NVIC.TIM2_IRQn=true\:0\:0\:false\:false\:true\:true\:true
File.Version=6
ADC3.IPParameters=Rank-1\#ChannelRegularConversion,Channel-1\#ChannelRegularConversion,SamplingTime-1\#ChannelRegularConversion,NbrOfConversionFlag,ContinuousConvMode,ScanConvMode,DMAContinuousRequests,Rank-2\#ChannelRegularConversion,Channel-2\#ChannelRegularConversion,SamplingTime-2\#ChannelRegularConversion,NbrOfConversion
CAN3.IPParameters=CalculateTimeQuantum,Prescaler,BS1,BS2,CalculateTimeBit,CalculateBaudRate
PA8.Signal=CAN3_RX
SH.ADCx_IN4.ConfNb=1
PB6.Locked=true
NVIC.PendSV_IRQn=true\:0\:0\:false\:false\:true\:false\:false
CAN3.CalculateTimeQuantum=125.0
SH.ADCx_IN6.ConfNb=1
ADC3.Channel-2\#ChannelRegularConversion=ADC_CHANNEL_1
PH1/OSC_OUT.Mode=HSE-External-Clock-Source
Dma.RequestsNb=2
Dma.ADC3.1.RequestParameters=Instance,Direction,PeriphInc,MemInc,PeriphDataAlignment,MemDataAlignment,Mode,Priority,FIFOMode
ProjectManager.HalAssertFull=false
ProjectManager.ProjectName=ChassisController
RCC.MCO2PinFreq_Value=96000000
CAN1.Prescaler=6
Mcu.Package=LQFP100
RCC.SDMMCClockSelection=RCC_SDMMC1CLKSOURCE_CLK48
TIM2.Prescaler=8
PA6.Signal=ADCx_IN6
PB12.Mode=CAN_Activate
Dma.ADC3.1.Direction=DMA_PERIPH_TO_MEMORY
PA5.Locked=true
NVIC.TimeBase=TIM7_IRQn
CAN2.BS1=CAN_BS1_13TQ
CAN2.BS2=CAN_BS2_2TQ
SH.ADCx_IN14.0=ADC1_IN14,IN14
NVIC.CAN3_RX0_IRQn=true\:0\:0\:false\:false\:true\:true\:true
PC14/OSC32_IN.Signal=RCC_OSC32_IN
ADC1.SamplingTime-13\#ChannelRegularConversion=ADC_SAMPLETIME_480CYCLES
ProjectManager.ToolChainLocation=
PA2.GPIO_Label=BRAKE_PRESSURE
RCC.LSI_VALUE=32000
NVIC.TimeBaseIP=TIM7
USART3.IPParameters=VirtualMode-Asynchronous
PA15.Signal=CAN3_TX
RCC.DFSDMFreq_Value=48000000
PA5.GPIOParameters=GPIO_Label
NVIC.CAN3_RX1_IRQn=true\:0\:0\:false\:false\:true\:true\:true
ADC3.DMAContinuousRequests=ENABLE
RCC.APB2CLKDivider=RCC_HCLK_DIV2
SH.ADCx_IN1.0=ADC3_IN1,IN1
RCC.CECFreq_Value=32786.88524590164
Dma.Request1=ADC3
RCC.APB1TimFreq_Value=96000000
NVIC.BusFault_IRQn=true\:0\:0\:false\:false\:true\:false\:false
PC4.Locked=true
Dma.ADC1.0.FIFOMode=DMA_FIFOMODE_DISABLE
RCC.DFSDMAudioFreq_Value=192000000
Dma.Request0=ADC1
CAN1.CalculateTimeBit=2000.00
PA4.GPIO_Label=PEDAL_ACCEL_1
Dma.ADC3.1.Priority=DMA_PRIORITY_LOW
NVIC.TIM7_IRQn=true\:0\:0\:false\:false\:true\:false\:true
ProjectManager.CustomerFirmwarePackage=
PC4.GPIOParameters=GPIO_Label
RCC.PLLSAIQCLKFreq_Value=192000000
PA3.Signal=ADCx_IN3
CAN1.CalculateTimeQuantum=125.0
PA2.Locked=true
PA6.GPIOParameters=GPIO_Label
RCC.PLLSourceVirtual=RCC_PLLSOURCE_HSE
RCC.I2SFreq_Value=192000000
CAN2.CalculateBaudRate=500000
RCC.PLLQoutputFreq_Value=48000000
ProjectManager.ProjectFileName=ChassisController.ioc
PE8.GPIOParameters=GPIO_Label
Dma.ADC1.0.Instance=DMA2_Stream0
RCC.UART7Freq_Value=48000000
Mcu.PinsNb=26
ProjectManager.NoMain=false
SH.ADCx_IN6.0=ADC1_IN6
ADC1.IPParameters=Rank-13\#ChannelRegularConversion,master,Channel-13\#ChannelRegularConversion,SamplingTime-13\#ChannelRegularConversion,NbrOfConversionFlag,ScanConvMode,ContinuousConvMode,DMAContinuousRequests,Rank-14\#ChannelRegularConversion,Channel-14\#ChannelRegularConversion,SamplingTime-14\#ChannelRegularConversion,NbrOfConversion
VP_SYS_VS_tim7.Mode=TIM7
CAN1.IPParameters=CalculateTimeQuantum,Prescaler,BS1,BS2,Mode,CalculateTimeBit,CalculateBaudRate
RCC.PLLRFreq_Value=192000000
CAN1.CalculateBaudRate=500000
CAN2.IPParameters=CalculateTimeQuantum,Prescaler,BS1,BS2,CalculateTimeBit,CalculateBaudRate
PC4.Signal=ADCx_IN14
ProjectManager.DefaultFWLocation=true
NVIC.DMA2_Stream1_IRQn=true\:0\:0\:false\:false\:true\:false\:true
ProjectManager.DeletePrevious=true
ADC1.Channel-13\#ChannelRegularConversion=ADC_CHANNEL_4
RCC.UART8Freq_Value=48000000
RCC.APB1CLKDivider=RCC_HCLK_DIV2
NVIC.CAN2_RX1_IRQn=true\:0\:0\:false\:false\:true\:true\:true
RCC.FamilyName=M
PE15.GPIOParameters=GPIO_Label
PC3.GPIOParameters=GPIO_Label
ADC1.Rank-13\#ChannelRegularConversion=1
Dma.ADC1.0.PeriphDataAlignment=DMA_PDATAALIGN_HALFWORD
PA15.Locked=true
PE15.GPIO_Label=RTD_INPUT
CAN1.BS2=CAN_BS2_2TQ
PB11.Mode=Asynchronous
CAN1.BS1=CAN_BS1_13TQ
ProjectManager.TargetToolchain=STM32CubeIDE
RCC.USART6Freq_Value=48000000
Dma.ADC1.0.Mode=DMA_CIRCULAR
PE8.GPIO_Label=HSOUT_RTD_LED
Dma.ADC1.0.Priority=DMA_PRIORITY_LOW
ProjectManager.RegisterCallBack=
RCC.USBFreq_Value=48000000
ADC3.NbrOfConversion=2
Dma.ADC3.1.FIFOMode=DMA_FIFOMODE_DISABLE
RCC.PLLSAIoutputFreq_Value=192000000
PE11.Signal=GPIO_Output
RCC.LSE_VALUE=32768
PA1.Signal=ADCx_IN1
CAN3.CalculateBaudRate=500000
Dma.ADC3.1.Instance=DMA2_Stream1
PB10.Signal=USART3_TX
RCC.VCOI2SOutputFreq_Value=384000000
PA5.Signal=ADCx_IN5
RCC.PLLSAIPCLKFreq_Value=192000000
board=custom
RCC.VCOOutputFreq_Value=384000000
ProjectManager.LastFirmware=true
VP_SYS_VS_tim7.Signal=SYS_VS_tim7
ADC1.SamplingTime-14\#ChannelRegularConversion=ADC_SAMPLETIME_480CYCLES
Dma.ADC1.0.RequestParameters=Instance,Direction,PeriphInc,MemInc,PeriphDataAlignment,MemDataAlignment,Mode,Priority,FIFOMode
PH0/OSC_IN.Signal=RCC_OSC_IN
CAN3.CalculateTimeBit=2000.00
RCC.APB2Freq_Value=48000000
RCC.UART4Freq_Value=48000000
PE15.Signal=GPIO_Input
MxCube.Version=6.2.1
VP_TIM2_VS_ClockSourceINT.Mode=Internal
RCC.I2C1Freq_Value=48000000
PE8.Signal=GPIO_Output
RCC.PLLI2SPCLKFreq_Value=192000000
CAN1.Mode=CAN_MODE_NORMAL
RCC.RNGFreq_Value=48000000
SH.ADCx_IN2.ConfNb=1
Dma.ADC3.1.MemDataAlignment=DMA_MDATAALIGN_HALFWORD
RCC.EthernetFreq_Value=96000000
CAN2.CalculateTimeQuantum=125.0
SH.ADCx_IN4.0=ADC1_IN4,IN4
Dma.ADC3.1.MemInc=DMA_MINC_ENABLE
Dma.ADC3.1.PeriphInc=DMA_PINC_DISABLE
NVIC.NonMaskableInt_IRQn=true\:0\:0\:false\:false\:true\:false\:false
PA4.GPIOParameters=GPIO_Label
ADC1.DMAContinuousRequests=ENABLE
TIM2.Period=60000
RCC.UART5Freq_Value=48000000
ADC1.NbrOfConversion=2
ProjectManager.FreePins=false
RCC.IPParameters=AHBFreq_Value,APB1CLKDivider,APB1Freq_Value,APB1TimFreq_Value,APB2CLKDivider,APB2Freq_Value,APB2TimFreq_Value,CECFreq_Value,CortexFreq_Value,DFSDMAudioFreq_Value,DFSDMFreq_Value,EthernetFreq_Value,FCLKCortexFreq_Value,FamilyName,HCLKFreq_Value,HSE_VALUE,HSI_VALUE,I2C1Freq_Value,I2C2Freq_Value,I2C3Freq_Value,I2C4Freq_Value,I2SFreq_Value,LPTIM1Freq_Value,LSE_VALUE,LSI_VALUE,MCO2PinFreq_Value,PLLCLKFreq_Value,PLLI2SPCLKFreq_Value,PLLI2SQCLKFreq_Value,PLLI2SRCLKFreq_Value,PLLI2SRoutputFreq_Value,PLLM,PLLP,PLLQ,PLLQCLKFreq_Value,PLLQoutputFreq_Value,PLLRFreq_Value,PLLSAIPCLKFreq_Value,PLLSAIQCLKFreq_Value,PLLSAIRCLKFreq_Value,PLLSAIoutputFreq_Value,PLLSourceVirtual,RNGFreq_Value,SAI1Freq_Value,SAI2Freq_Value,SDMMC2Freq_Value,SDMMCClockSelection,SDMMCFreq_Value,SPDIFRXFreq_Value,SYSCLKFreq_VALUE,SYSCLKSource,UART4Freq_Value,UART5Freq_Value,UART7Freq_Value,UART8Freq_Value,USART1Freq_Value,USART2Freq_Value,USART3Freq_Value,USART6Freq_Value,USBFreq_Value,VCOI2SOutputFreq_Value,VCOInputFreq_Value,VCOOutputFreq_Value,VCOSAIOutputFreq_Value
PE11.Locked=true
Dma.ADC3.1.Mode=DMA_CIRCULAR
ProjectManager.AskForMigrate=true
Mcu.Name=STM32F765V(G-I)Tx
RCC.PLLI2SQCLKFreq_Value=192000000
ADC3.Channel-1\#ChannelRegularConversion=ADC_CHANNEL_2
PA2.Signal=ADCx_IN2
Mcu.Pin24=VP_SYS_VS_tim7
ProjectManager.UnderRoot=true
Mcu.Pin25=VP_TIM2_VS_ClockSourceINT
Mcu.IP8=RCC
Mcu.IP9=SYS
Mcu.IP6=DMA
Mcu.IP7=NVIC
ProjectManager.CoupleFile=true
ADC3.Rank-1\#ChannelRegularConversion=1
PA4.Signal=ADCx_IN4
RCC.SYSCLKFreq_VALUE=96000000
Mcu.Pin22=PA15
Mcu.Pin23=PB6
ADC1.master=1
Mcu.Pin20=PA11
PA1.Locked=true
PA3.Locked=true
Mcu.Pin21=PA12
PA12.Mode=CAN_Activate
PA5.GPIO_Label=BRAKE_PEDAL_2
NVIC.ForceEnableDMAVector=true
KeepUserPlacement=false
NVIC.MemoryManagement_IRQn=true\:0\:0\:false\:false\:true\:false\:false
PC15/OSC32_OUT.Mode=LSE-External-Clock-Source
ProjectManager.CompilerOptimize=6
PA11.Signal=CAN1_RX
Dma.ADC1.0.MemInc=DMA_MINC_ENABLE
ProjectManager.HeapSize=0x200
Mcu.Pin15=PB10
NVIC.HardFault_IRQn=true\:0\:0\:false\:false\:true\:false\:false
Mcu.Pin16=PB11
Mcu.Pin13=PE11
Mcu.Pin14=PE15
Mcu.Pin19=PA8
ProjectManager.ComputerToolchain=false
Mcu.Pin17=PB12
RCC.HSI_VALUE=16000000
Mcu.Pin18=PB13
SH.ADCx_IN5.0=ADC2_IN5
RCC.PLLP=RCC_PLLP_DIV4
RCC.PLLQ=8
NVIC.PriorityGroup=NVIC_PRIORITYGROUP_4
ADC1.NbrOfConversionFlag=1
Mcu.Pin11=PC4
Mcu.Pin12=PE8
RCC.PLLM=4
Mcu.Pin10=PA6
PC3.GPIO_Label=DASH_LED_POWER
PC15/OSC32_OUT.Signal=RCC_OSC32_OUT
PA8.Mode=CAN_Activate
SH.ADCx_IN5.ConfNb=1
RCC.I2C2Freq_Value=48000000
RCC.APB1Freq_Value=48000000
RCC.SDMMC2Freq_Value=96000000
ADC3.NbrOfConversionFlag=1
ProjectManager.DeviceId=STM32F765VITx
PB12.Signal=CAN2_RX
ProjectManager.LibraryCopy=1
NVIC.CAN1_RX0_IRQn=true\:0\:0\:false\:false\:true\:true\:true
PA3.GPIO_Label=BRAKE_PEDAL_1
PA6.Locked=true
isbadioc=false
